hash: a2ac040c9c67340ae87f47498de3c56eb4f4f2d7ecb813d892a3d025e909142b
updated: 2016-10-04T19:28:40.831167384+02:00
imports:
- name: github.com/arschles/assert
  version: fc2da9844984ce5093111298174706e14d4c0c47
- name: github.com/asaskevich/govalidator
  version: 593d64559f7600f29581a3ee42177f5dbded27a9
- name: github.com/go-openapi/analysis
  version: b44dc874b601d9e4e2f6e19140e794ba24bead3b
- name: github.com/go-openapi/errors
  version: 4178436c9f2430cdd945c50301cfb61563b56573
- name: github.com/go-openapi/jsonpointer
  version: 46af16f9f7b149af66e5d1bd010e3574dc06de98
- name: github.com/go-openapi/jsonreference
  version: 13c6e3589ad90f49bd3e3bbe2c2cb3d7a4142272
- name: github.com/go-openapi/loads
  version: 18441dfa706d924a39a030ee2c3b1d8d81917b38
- name: github.com/go-openapi/runtime
  version: 18efe8c11921c0ddabc8e91554971d6db1f91c7c
  subpackages:
  - middleware
  - middleware/denco
  - middleware/header
  - middleware/untyped
  - security
- name: github.com/go-openapi/spec
  version: 6aced65f8501fe1217321abf0749d354824ba2ff
- name: github.com/go-openapi/strfmt
  version: d65c7fdb29eca313476e529628176fe17e58c488
- name: github.com/go-openapi/swag
  version: 0e04f5e499b19bf51031c01a00f098f25067d8dc
- name: github.com/go-openapi/validate
  version: 03d947b0268e1c2bb5c74ac4095447f140c9a112
- name: github.com/go-swagger/go-swagger
  version: 4c101d534a9bc418b0c47c4e017153f317304ca4
- name: github.com/gorilla/context
  version: 08b5f424b9271eedf6f9f0ce86cb9396ed337a42
- name: github.com/gorilla/mux
  version: 757bef944d0f21880861c2dd9c871ca543023cba
- name: github.com/helm/monocular
  version: 1b01e10270dfd78da9834ae4b8dfce0b1d106d83
  subpackages:
  - src/api/swagger/restapi
  - src/api/swagger/restapi/operations
  - src/api/mocks
  - src/api/swagger/models
  - src/api/data
  - src/api/data/helpers
  - src/api/handlers
- name: github.com/imdario/mergo
  version: 3e95a51e0639b4cf372f2ccf74c86749d747fbdc
- name: github.com/jessevdk/go-flags
  version: a8cab0163d48558ffd77076c9c99388529766f63
- name: github.com/kelseyhightower/envconfig
  version: 13674b2d056fb658a00ba3f36e78043ced07c924
- name: github.com/mailru/easyjson
  version: 34560e358dc05e2c28f6fda2f5c9e7494a4b9b19
  subpackages:
  - buffer
  - jlexer
  - jwriter
- name: github.com/PuerkitoBio/purell
  version: 8a290539e2e8629dbc4e6bad948158f790ec31f4
- name: github.com/PuerkitoBio/urlesc
  version: 5bd2802263f21d8788851d5305584c82a5c75d7e
- name: github.com/rs/cors
  version: a62a804a8a009876ca59105f7899938a1349f4b3
- name: github.com/rs/xhandler
  version: d9d9599b6aaf6a058cb7b1f48291ded2cbd13390
- name: github.com/tylerb/graceful
  version: 50a48b6e73fcc75b45e22c05b79629a67c79e938
- name: golang.org/x/net
  version: ffe101cce3477a6c6d8f0754d103bb0a84ec1266
  subpackages:
  - context
  - idna
- name: golang.org/x/text
  version: 098f51fb687dbaba1f6efabeafbb6461203f9e21
  subpackages:
  - cases
  - internal/tag
  - language
  - runes
  - secure/bidirule
  - secure/precis
  - transform
  - unicode/bidi
  - unicode/norm
  - width
- name: gopkg.in/yaml.v2
  version: e4d366fc3c7938e2958e662b4258c7a89e1f0e3e
testImports: []
